// !$*UTF8*$!
{
	archiveVersion = 1;
	classes = {
	};
	objectVersion = 46;
	objects = {

/* Begin PBXBuildFile section */
		41ADC0081CE1BF7A324CC215 /* Pods_realm_training.framework in Frameworks */ = {isa = PBXBuildFile; fileRef = CE199A0FBC03C50E28FEFB5C /* Pods_realm_training.framework */; };
		E22109CC1CCD5825000BBE7C /* AppDelegate.swift in Sources */ = {isa = PBXBuildFile; fileRef = E22109CB1CCD5825000BBE7C /* AppDelegate.swift */; };
		E22109CE1CCD5825000BBE7C /* Assets.xcassets in Resources */ = {isa = PBXBuildFile; fileRef = E22109CD1CCD5825000BBE7C /* Assets.xcassets */; };
		E22109D11CCD5825000BBE7C /* MainMenu.xib in Resources */ = {isa = PBXBuildFile; fileRef = E22109CF1CCD5825000BBE7C /* MainMenu.xib */; };
		E22109E11CCD588A000BBE7C /* Address.swift in Sources */ = {isa = PBXBuildFile; fileRef = E22109DA1CCD588A000BBE7C /* Address.swift */; };
		E22109E21CCD588A000BBE7C /* Applicant.swift in Sources */ = {isa = PBXBuildFile; fileRef = E22109DB1CCD588A000BBE7C /* Applicant.swift */; };
		E22109E31CCD588A000BBE7C /* Department.swift in Sources */ = {isa = PBXBuildFile; fileRef = E22109DC1CCD588A000BBE7C /* Department.swift */; };
		E22109E41CCD588A000BBE7C /* Employee.swift in Sources */ = {isa = PBXBuildFile; fileRef = E22109DD1CCD588A000BBE7C /* Employee.swift */; };
		E22109E51CCD588A000BBE7C /* Person.swift in Sources */ = {isa = PBXBuildFile; fileRef = E22109DE1CCD588A000BBE7C /* Person.swift */; };
		E22109E61CCD588A000BBE7C /* Project.swift in Sources */ = {isa = PBXBuildFile; fileRef = E22109DF1CCD588A000BBE7C /* Project.swift */; };
		E22109E71CCD588A000BBE7C /* Task.swift in Sources */ = {isa = PBXBuildFile; fileRef = E22109E01CCD588A000BBE7C /* Task.swift */; };
		E22109EE1CCD601A000BBE7C /* DatabaseHelper.swift in Sources */ = {isa = PBXBuildFile; fileRef = E22109ED1CCD601A000BBE7C /* DatabaseHelper.swift */; };
		E22109F11CCD936C000BBE7C /* Extensions.swift in Sources */ = {isa = PBXBuildFile; fileRef = E22109F01CCD936C000BBE7C /* Extensions.swift */; };
/* End PBXBuildFile section */

/* Begin PBXFileReference section */
		69ECA6CF0D23DC90DEA9CC0B /* Pods-realm-training.debug.xcconfig */ = {isa = PBXFileReference; includeInIndex = 1; lastKnownFileType = text.xcconfig; name = "Pods-realm-training.debug.xcconfig"; path = "Pods/Target Support Files/Pods-realm-training/Pods-realm-training.debug.xcconfig"; sourceTree = "<group>"; };
		B36428C8A736B2E4F8F9FAF0 /* Pods-realm-training.release.xcconfig */ = {isa = PBXFileReference; includeInIndex = 1; lastKnownFileType = text.xcconfig; name = "Pods-realm-training.release.xcconfig"; path = "Pods/Target Support Files/Pods-realm-training/Pods-realm-training.release.xcconfig"; sourceTree = "<group>"; };
		CE199A0FBC03C50E28FEFB5C /* Pods_realm_training.framework */ = {isa = PBXFileReference; explicitFileType = wrapper.framework; includeInIndex = 0; path = Pods_realm_training.framework; sourceTree = BUILT_PRODUCTS_DIR; };
		E22109C81CCD5825000BBE7C /* realm-training.app */ = {isa = PBXFileReference; explicitFileType = wrapper.application; includeInIndex = 0; path = "realm-training.app"; sourceTree = BUILT_PRODUCTS_DIR; };
		E22109CB1CCD5825000BBE7C /* AppDelegate.swift */ = {isa = PBXFileReference; lastKnownFileType = sourcecode.swift; path = AppDelegate.swift; sourceTree = "<group>"; };
		E22109CD1CCD5825000BBE7C /* Assets.xcassets */ = {isa = PBXFileReference; lastKnownFileType = folder.assetcatalog; path = Assets.xcassets; sourceTree = "<group>"; };
		E22109D01CCD5825000BBE7C /* Base */ = {isa = PBXFileReference; lastKnownFileType = file.xib; name = Base; path = Base.lproj/MainMenu.xib; sourceTree = "<group>"; };
		E22109D21CCD5825000BBE7C /* Info.plist */ = {isa = PBXFileReference; lastKnownFileType = text.plist.xml; path = Info.plist; sourceTree = "<group>"; };
		E22109DA1CCD588A000BBE7C /* Address.swift */ = {isa = PBXFileReference; fileEncoding = 4; lastKnownFileType = sourcecode.swift; path = Address.swift; sourceTree = "<group>"; };
		E22109DB1CCD588A000BBE7C /* Applicant.swift */ = {isa = PBXFileReference; fileEncoding = 4; lastKnownFileType = sourcecode.swift; path = Applicant.swift; sourceTree = "<group>"; };
		E22109DC1CCD588A000BBE7C /* Department.swift */ = {isa = PBXFileReference; fileEncoding = 4; lastKnownFileType = sourcecode.swift; path = Department.swift; sourceTree = "<group>"; };
		E22109DD1CCD588A000BBE7C /* Employee.swift */ = {isa = PBXFileReference; fileEncoding = 4; lastKnownFileType = sourcecode.swift; path = Employee.swift; sourceTree = "<group>"; };
		E22109DE1CCD588A000BBE7C /* Person.swift */ = {isa = PBXFileReference; fileEncoding = 4; lastKnownFileType = sourcecode.swift; path = Person.swift; sourceTree = "<group>"; };
		E22109DF1CCD588A000BBE7C /* Project.swift */ = {isa = PBXFileReference; fileEncoding = 4; lastKnownFileType = sourcecode.swift; path = Project.swift; sourceTree = "<group>"; };
		E22109E01CCD588A000BBE7C /* Task.swift */ = {isa = PBXFileReference; fileEncoding = 4; lastKnownFileType = sourcecode.swift; path = Task.swift; sourceTree = "<group>"; };
		E22109ED1CCD601A000BBE7C /* DatabaseHelper.swift */ = {isa = PBXFileReference; fileEncoding = 4; lastKnownFileType = sourcecode.swift; name = DatabaseHelper.swift; path = db/DatabaseHelper.swift; sourceTree = "<group>"; };
		E22109F01CCD936C000BBE7C /* Extensions.swift */ = {isa = PBXFileReference; fileEncoding = 4; lastKnownFileType = sourcecode.swift; name = Extensions.swift; path = extensions/Extensions.swift; sourceTree = "<group>"; };
/* End PBXFileReference section */

/* Begin PBXFrameworksBuildPhase section */
		E22109C51CCD5825000BBE7C /* Frameworks */ = {
			isa = PBXFrameworksBuildPhase;
			buildActionMask = 2147483647;
			files = (
				41ADC0081CE1BF7A324CC215 /* Pods_realm_training.framework in Frameworks */,
			);
			runOnlyForDeploymentPostprocessing = 0;
		};
/* End PBXFrameworksBuildPhase section */

/* Begin PBXGroup section */
		32A3F623D7793E2491BEB9A8 /* Pods */ = {
			isa = PBXGroup;
			children = (
				69ECA6CF0D23DC90DEA9CC0B /* Pods-realm-training.debug.xcconfig */,
				B36428C8A736B2E4F8F9FAF0 /* Pods-realm-training.release.xcconfig */,
			);
			name = Pods;
			sourceTree = "<group>";
		};
		B60F2ABBE28F73CF7F70FF30 /* Frameworks */ = {
			isa = PBXGroup;
			children = (
				CE199A0FBC03C50E28FEFB5C /* Pods_realm_training.framework */,
			);
			name = Frameworks;
			sourceTree = "<group>";
		};
		E22109BF1CCD5825000BBE7C = {
			isa = PBXGroup;
			children = (
				E22109CA1CCD5825000BBE7C /* realm-training */,
				E22109C91CCD5825000BBE7C /* Products */,
				32A3F623D7793E2491BEB9A8 /* Pods */,
				B60F2ABBE28F73CF7F70FF30 /* Frameworks */,
			);
			sourceTree = "<group>";
		};
		E22109C91CCD5825000BBE7C /* Products */ = {
			isa = PBXGroup;
			children = (
				E22109C81CCD5825000BBE7C /* realm-training.app */,
			);
			name = Products;
			sourceTree = "<group>";
		};
		E22109CA1CCD5825000BBE7C /* realm-training */ = {
			isa = PBXGroup;
			children = (
				E22109D81CCD588A000BBE7C /* source */,
				E22109CB1CCD5825000BBE7C /* AppDelegate.swift */,
				E22109CD1CCD5825000BBE7C /* Assets.xcassets */,
				E22109CF1CCD5825000BBE7C /* MainMenu.xib */,
				E22109D21CCD5825000BBE7C /* Info.plist */,
			);
			path = "realm-training";
			sourceTree = "<group>";
		};
		E22109D81CCD588A000BBE7C /* source */ = {
			isa = PBXGroup;
			children = (
				E22109EF1CCD92EF000BBE7C /* extensions */,
				E22109E81CCD5A43000BBE7C /* db */,
				E22109D91CCD588A000BBE7C /* models */,
			);
			path = source;
			sourceTree = "<group>";
		};
		E22109D91CCD588A000BBE7C /* models */ = {
			isa = PBXGroup;
			children = (
				E22109DA1CCD588A000BBE7C /* Address.swift */,
				E22109DB1CCD588A000BBE7C /* Applicant.swift */,
				E22109DC1CCD588A000BBE7C /* Department.swift */,
				E22109DD1CCD588A000BBE7C /* Employee.swift */,
				E22109DE1CCD588A000BBE7C /* Person.swift */,
				E22109DF1CCD588A000BBE7C /* Project.swift */,
				E22109E01CCD588A000BBE7C /* Task.swift */,
			);
			path = models;
			sourceTree = "<group>";
		};
		E22109E81CCD5A43000BBE7C /* db */ = {
			isa = PBXGroup;
			children = (
				E22109ED1CCD601A000BBE7C /* DatabaseHelper.swift */,
			);
			name = db;
			sourceTree = "<group>";
		};
		E22109EF1CCD92EF000BBE7C /* extensions */ = {
			isa = PBXGroup;
			children = (
				E22109F01CCD936C000BBE7C /* Extensions.swift */,
			);
			name = extensions;
			sourceTree = "<group>";
		};
/* End PBXGroup section */

/* Begin PBXNativeTarget section */
		E22109C71CCD5825000BBE7C /* realm-training */ = {
			isa = PBXNativeTarget;
			buildConfigurationList = E22109D51CCD5825000BBE7C /* Build configuration list for PBXNativeTarget "realm-training" */;
			buildPhases = (
				65395C89BEC627AF1BFB7945 /* Check Pods Manifest.lock */,
				E22109C41CCD5825000BBE7C /* Sources */,
				E22109C51CCD5825000BBE7C /* Frameworks */,
				E22109C61CCD5825000BBE7C /* Resources */,
				FCAD2F05E3FC39D2679D8A14 /* Embed Pods Frameworks */,
				FFCA54C4DC7CE582D46A0C18 /* Copy Pods Resources */,
			);
			buildRules = (
			);
			dependencies = (
			);
			name = "realm-training";
			productName = "realm-training";
			productReference = E22109C81CCD5825000BBE7C /* realm-training.app */;
			productType = "com.apple.product-type.application";
		};
/* End PBXNativeTarget section */

/* Begin PBXProject section */
		E22109C01CCD5825000BBE7C /* Project object */ = {
			isa = PBXProject;
			attributes = {
				LastSwiftUpdateCheck = 0730;
				LastUpgradeCheck = 0730;
				ORGANIZATIONNAME = "Robert Ignasiak";
				TargetAttributes = {
					E22109C71CCD5825000BBE7C = {
						CreatedOnToolsVersion = 7.3;
					};
				};
			};
			buildConfigurationList = E22109C31CCD5825000BBE7C /* Build configuration list for PBXProject "realm-training" */;
			compatibilityVersion = "Xcode 3.2";
			developmentRegion = English;
			hasScannedForEncodings = 0;
			knownRegions = (
				en,
				Base,
			);
			mainGroup = E22109BF1CCD5825000BBE7C;
			productRefGroup = E22109C91CCD5825000BBE7C /* Products */;
			projectDirPath = "";
			projectRoot = "";
			targets = (
				E22109C71CCD5825000BBE7C /* realm-training */,
			);
		};
/* End PBXProject section */

/* Begin PBXResourcesBuildPhase section */
		E22109C61CCD5825000BBE7C /* Resources */ = {
			isa = PBXResourcesBuildPhase;
			buildActionMask = 2147483647;
			files = (
				E22109CE1CCD5825000BBE7C /* Assets.xcassets in Resources */,
				E22109D11CCD5825000BBE7C /* MainMenu.xib in Resources */,
			);
			runOnlyForDeploymentPostprocessing = 0;
		};
/* End PBXResourcesBuildPhase section */

/* Begin PBXShellScriptBuildPhase section */
		65395C89BEC627AF1BFB7945 /* Check Pods Manifest.lock */ = {
			isa = PBXShellScriptBuildPhase;
			buildActionMask = 2147483647;
			files = (
			);
			inputPaths = (
			);
			name = "Check Pods Manifest.lock";
			outputPaths = (
			);
			runOnlyForDeploymentPostprocessing = 0;
			shellPath = /bin/sh;
			shellScript = "diff \"${PODS_ROOT}/../Podfile.lock\" \"${PODS_ROOT}/Manifest.lock\" > /dev/null\nif [[ $? != 0 ]] ; then\n    cat << EOM\nerror: The sandbox is not in sync with the Podfile.lock. Run 'pod install' or update your CocoaPods installation.\nEOM\n    exit 1\nfi\n";
			showEnvVarsInLog = 0;
		};
		FCAD2F05E3FC39D2679D8A14 /* Embed Pods Frameworks */ = {
			isa = PBXShellScriptBuildPhase;
			buildActionMask = 2147483647;
			files = (
			);
			inputPaths = (
			);
			name = "Embed Pods Frameworks";
			outputPaths = (
			);
			runOnlyForDeploymentPostprocessing = 0;
			shellPath = /bin/sh;
			shellScript = "\"${SRCROOT}/Pods/Target Support Files/Pods-realm-training/Pods-realm-training-frameworks.sh\"\n";
			showEnvVarsInLog = 0;
		};
		FFCA54C4DC7CE582D46A0C18 /* Copy Pods Resources */ = {
			isa = PBXShellScriptBuildPhase;
			buildActionMask = 2147483647;
			files = (
			);
			inputPaths = (
			);
			name = "Copy Pods Resources";
			outputPaths = (
			);
			runOnlyForDeploymentPostprocessing = 0;
			shellPath = /bin/sh;
			shellScript = "\"${SRCROOT}/Pods/Target Support Files/Pods-realm-training/Pods-realm-training-resources.sh\"\n";
			showEnvVarsInLog = 0;
		};
/* End PBXShellScriptBuildPhase section */

/* Begin PBXSourcesBuildPhase section */
		E22109C41CCD5825000BBE7C /* Sources */ = {
			isa = PBXSourcesBuildPhase;
			buildActionMask = 2147483647;
			files = (
				E22109E71CCD588A000BBE7C /* Task.swift in Sources */,
				E22109EE1CCD601A000BBE7C /* DatabaseHelper.swift in Sources */,
				E22109E51CCD588A000BBE7C /* Person.swift in Sources */,
				E22109E21CCD588A000BBE7C /* Applicant.swift in Sources */,
				E22109E11CCD588A000BBE7C /* Address.swift in Sources */,
				E22109F11CCD936C000BBE7C /* Extensions.swift in Sources */,
				E22109CC1CCD5825000BBE7C /* AppDelegate.swift in Sources */,
				E22109E41CCD588A000BBE7C /* Employee.swift in Sources */,
				E22109E61CCD588A000BBE7C /* Project.swift in Sources */,
				E22109E31CCD588A000BBE7C /* Department.swift in Sources */,
			);
			runOnlyForDeploymentPostprocessing = 0;
		};
/* End PBXSourcesBuildPhase section */

/* Begin PBXVariantGroup section */
		E22109CF1CCD5825000BBE7C /* MainMenu.xib */ = {
			isa = PBXVariantGroup;
			children = (
				E22109D01CCD5825000BBE7C /* Base */,
			);
			name = MainMenu.xib;
			sourceTree = "<group>";
		};
/* End PBXVariantGroup section */

/* Begin XCBuildConfiguration section */
		E22109D31CCD5825000BBE7C /* Debug */ = {
			isa = XCBuildConfiguration;
			buildSettings = {
				ALWAYS_SEARCH_USER_PATHS = NO;
				CLANG_ANALYZER_NONNULL = YES;
				CLANG_CXX_LANGUAGE_STANDARD = "gnu++0x";
				CLANG_CXX_LIBRARY = "libc++";
				CLANG_ENABLE_MODULES = YES;
				CLANG_ENABLE_OBJC_ARC = YES;
				CLANG_WARN_BOOL_CONVERSION = YES;
				CLANG_WARN_CONSTANT_CONVERSION = YES;
				CLANG_WARN_DIRECT_OBJC_ISA_USAGE = YES_ERROR;
				CLANG_WARN_EMPTY_BODY = YES;
				CLANG_WARN_ENUM_CONVERSION = YES;
				CLANG_WARN_INT_CONVERSION = YES;
				CLANG_WARN_OBJC_ROOT_CLASS = YES_ERROR;
				CLANG_WARN_UNREACHABLE_CODE = YES;
				CLANG_WARN__DUPLICATE_METHOD_MATCH = YES;
				CODE_SIGN_IDENTITY = "-";
				COPY_PHASE_STRIP = NO;
				DEBUG_INFORMATION_FORMAT = dwarf;
				ENABLE_STRICT_OBJC_MSGSEND = YES;
				ENABLE_TESTABILITY = YES;
				GCC_C_LANGUAGE_STANDARD = gnu99;
				GCC_DYNAMIC_NO_PIC = NO;
				GCC_NO_COMMON_BLOCKS = YES;
				GCC_OPTIMIZATION_LEVEL = 0;
				GCC_PREPROCESSOR_DEFINITIONS = (
					"DEBUG=1",
					"$(inherited)",
				);
				GCC_WARN_64_TO_32_BIT_CONVERSION = YES;
				GCC_WARN_ABOUT_RETURN_TYPE = YES_ERROR;
				GCC_WARN_UNDECLARED_SELECTOR = YES;
				GCC_WARN_UNINITIALIZED_AUTOS = YES_AGGRESSIVE;
				GCC_WARN_UNUSED_FUNCTION = YES;
				GCC_WARN_UNUSED_VARIABLE = YES;
				MACOSX_DEPLOYMENT_TARGET = 10.11;
				MTL_ENABLE_DEBUG_INFO = YES;
				ONLY_ACTIVE_ARCH = YES;
				SDKROOT = macosx;
				SWIFT_OPTIMIZATION_LEVEL = "-Onone";
			};
			name = Debug;
		};
		E22109D41CCD5825000BBE7C /* Release */ = {
			isa = XCBuildConfiguration;
			buildSettings = {
				ALWAYS_SEARCH_USER_PATHS = NO;
				CLANG_ANALYZER_NONNULL = YES;
				CLANG_CXX_LANGUAGE_STANDARD = "gnu++0x";
				CLANG_CXX_LIBRARY = "libc++";
				CLANG_ENABLE_MODULES = YES;
				CLANG_ENABLE_OBJC_ARC = YES;
				CLANG_WARN_BOOL_CONVERSION = YES;
				CLANG_WARN_CONSTANT_CONVERSION = YES;
				CLANG_WARN_DIRECT_OBJC_ISA_USAGE = YES_ERROR;
				CLANG_WARN_EMPTY_BODY = YES;
				CLANG_WARN_ENUM_CONVERSION = YES;
				CLANG_WARN_INT_CONVERSION = YES;
				CLANG_WARN_OBJC_ROOT_CLASS = YES_ERROR;
				CLANG_WARN_UNREACHABLE_CODE = YES;
				CLANG_WARN__DUPLICATE_METHOD_MATCH = YES;
				CODE_SIGN_IDENTITY = "-";
				COPY_PHASE_STRIP = NO;
				DEBUG_INFORMATION_FORMAT = "dwarf-with-dsym";
				ENABLE_NS_ASSERTIONS = NO;
				ENABLE_STRICT_OBJC_MSGSEND = YES;
				GCC_C_LANGUAGE_STANDARD = gnu99;
				GCC_NO_COMMON_BLOCKS = YES;
				GCC_WARN_64_TO_32_BIT_CONVERSION = YES;
				GCC_WARN_ABOUT_RETURN_TYPE = YES_ERROR;
				GCC_WARN_UNDECLARED_SELECTOR = YES;
				GCC_WARN_UNINITIALIZED_AUTOS = YES_AGGRESSIVE;
				GCC_WARN_UNUSED_FUNCTION = YES;
				GCC_WARN_UNUSED_VARIABLE = YES;
				MACOSX_DEPLOYMENT_TARGET = 10.11;
				MTL_ENABLE_DEBUG_INFO = NO;
				SDKROOT = macosx;
			};
			name = Release;
		};
		E22109D61CCD5825000BBE7C /* Debug */ = {
			isa = XCBuildConfiguration;
			baseConfigurationReference = 69ECA6CF0D23DC90DEA9CC0B /* Pods-realm-training.debug.xcconfig */;
			buildSettings = {
				ASSETCATALOG_COMPILER_APPICON_NAME = AppIcon;
				COMBINE_HIDPI_IMAGES = YES;
				INFOPLIST_FILE = "realm-training/Info.plist";
				LD_RUNPATH_SEARCH_PATHS = "$(inherited) @executable_path/../Frameworks";
				PRODUCT_BUNDLE_IDENTIFIER = "torianin.realm-training";
				PRODUCT_NAME = "$(TARGET_NAME)";
			};
			name = Debug;
		};
		E22109D71CCD5825000BBE7C /* Release */ = {
			isa = XCBuildConfiguration;
			baseConfigurationReference = B36428C8A736B2E4F8F9FAF0 /* Pods-realm-training.release.xcconfig */;
			buildSettings = {
				ASSETCATALOG_COMPILER_APPICON_NAME = AppIcon;
				COMBINE_HIDPI_IMAGES = YES;
				INFOPLIST_FILE = "realm-training/Info.plist";
				LD_RUNPATH_SEARCH_PATHS = "$(inherited) @executable_path/../Frameworks";
				PRODUCT_BUNDLE_IDENTIFIER = "torianin.realm-training";
				PRODUCT_NAME = "$(TARGET_NAME)";
			};
			name = Release;
		};
/* End XCBuildConfiguration section */

/* Begin XCConfigurationList section */
		E22109C31CCD5825000BBE7C /* Build configuration list for PBXProject "realm-training" */ = {
			isa = XCConfigurationList;
			buildConfigurations = (
				E22109D31CCD5825000BBE7C /* Debug */,
				E22109D41CCD5825000BBE7C /* Release */,
			);
			defaultConfigurationIsVisible = 0;
			defaultConfigurationName = Release;
		};
		E22109D51CCD5825000BBE7C /* Build configuration list for PBXNativeTarget "realm-training" */ = {
			isa = XCConfigurationList;
			buildConfigurations = (
				E22109D61CCD5825000BBE7C /* Debug */,
				E22109D71CCD5825000BBE7C /* Release */,
			);
			defaultConfigurationIsVisible = 0;
			defaultConfigurationName = Release;
		};
/* End XCConfigurationList section */
	};
	rootObject = E22109C01CCD5825000BBE7C /* Project object */;
}
